
Microsoft Visual Studio Solution File, Format Version 12.00
# Visual Studio Version 17
VisualStudioVersion = 17.14.37216.2 d17.14
MinimumVisualStudioVersion = 10.0.40219.1
Project("{FAE04EC0-301F-11D3-BF4B-00C04F79EFBC}") = "FlyRankAI.Assignment3", "FlyRankAI.Assignment3.csproj", "{A1283BC4-E9C5-9C3A-CF98-9454C7C33BD7}"
EndProject
Global
	GlobalSection(SolutionConfigurationPlatforms) = preSolution
		Debug|Any CPU = Debug|Any CPU
		Release|Any CPU = Release|Any CPU
	EndGlobalSection
	GlobalSection(ProjectConfigurationPlatforms) = postSolution
		{A1283BC4-E9C5-9C3A-CF98-9454C7C33BD7}.Debug|Any CPU.ActiveCfg = Debug|Any CPU
		{A1283BC4-E9C5-9C3A-CF98-9454C7C33BD7}.Debug|Any CPU.Build.0 = Debug|Any CPU
		{A1283BC4-E9C5-9C3A-CF98-9454C7C33BD7}.Release|Any CPU.ActiveCfg = Release|Any CPU
		{A1283BC4-E9C5-9C3A-CF98-9454C7C33BD7}.Release|Any CPU.Build.0 = Release|Any CPU
	EndGlobalSection
	GlobalSection(SolutionProperties) = preSolution
		HideSolutionNode = FALSE
	EndGlobalSection
	GlobalSection(ExtensibilityGlobals) = postSolution
		SolutionGuid = {AD2F0E66-BD4C-4599-ACC4-CF3558A82049}
	EndGlobalSection
EndGlobal
