
Microsoft Visual Studio Solution File, Format Version 12.00
# Visual Studio Version 17
VisualStudioVersion = 17.14.37216.2 d17.14
MinimumVisualStudioVersion = 10.0.40219.1
Project("{FAE04EC0-301F-11D3-BF4B-00C04F79EFBC}") = "FlyRankAI Assignment1", "FlyRankAI Assignment1\FlyRankAI Assignment1.csproj", "{BC1A309B-BBAD-43C6-8B8A-B35CFFB68A37}"
EndProject
Global
	GlobalSection(SolutionConfigurationPlatforms) = preSolution
		Debug|Any CPU = Debug|Any CPU
		Release|Any CPU = Release|Any CPU
	EndGlobalSection
	GlobalSection(ProjectConfigurationPlatforms) = postSolution
		{BC1A309B-BBAD-43C6-8B8A-B35CFFB68A37}.Debug|Any CPU.ActiveCfg = Debug|Any CPU
		{BC1A309B-BBAD-43C6-8B8A-B35CFFB68A37}.Debug|Any CPU.Build.0 = Debug|Any CPU
		{BC1A309B-BBAD-43C6-8B8A-B35CFFB68A37}.Release|Any CPU.ActiveCfg = Release|Any CPU
		{BC1A309B-BBAD-43C6-8B8A-B35CFFB68A37}.Release|Any CPU.Build.0 = Release|Any CPU
	EndGlobalSection
	GlobalSection(SolutionProperties) = preSolution
		HideSolutionNode = FALSE
	EndGlobalSection
	GlobalSection(ExtensibilityGlobals) = postSolution
		SolutionGuid = {C87D07F1-F29E-495C-A33E-C522C181B67E}
	EndGlobalSection
EndGlobal
